// !$*UTF8*$!
{
	archiveVersion = 1;
	classes = {
	};
	objectVersion = 55;
	objects = {

/* Begin PBXBuildFile section */
		6B56B5532708A3330054B265 /* Assets.xcassets in Resources */ = {isa = PBXBuildFile; fileRef = 6B56B5522708A3330054B265 /* Assets.xcassets */; };
		6B56B5562708A3330054B265 /* Preview Assets.xcassets in Resources */ = {isa = PBXBuildFile; fileRef = 6B56B5552708A3330054B265 /* Preview Assets.xcassets */; };
		6B56B5602708A3330054B265 /* GitSearchTests.swift in Sources */ = {isa = PBXBuildFile; fileRef = 6B56B55F2708A3330054B265 /* GitSearchTests.swift */; };
		6B56B56A2708A3330054B265 /* GitSearchUITests.swift in Sources */ = {isa = PBXBuildFile; fileRef = 6B56B5692708A3330054B265 /* GitSearchUITests.swift */; };
		6B56B56C2708A3330054B265 /* GitSearchUITestsLaunchTests.swift in Sources */ = {isa = PBXBuildFile; fileRef = 6B56B56B2708A3330054B265 /* GitSearchUITestsLaunchTests.swift */; };
		6B56B5792708A3FC0054B265 /* SearchBar.swift in Sources */ = {isa = PBXBuildFile; fileRef = 6B56B5782708A3FC0054B265 /* SearchBar.swift */; };
		6B56B57B2708A4850054B265 /* RepoSearchListView.swift in Sources */ = {isa = PBXBuildFile; fileRef = 6B56B57A2708A4850054B265 /* RepoSearchListView.swift */; };
		6B56B57D2708A5850054B265 /* RepoSearchModel.swift in Sources */ = {isa = PBXBuildFile; fileRef = 6B56B57C2708A5850054B265 /* RepoSearchModel.swift */; };
		6B56B5802708A6050054B265 /* RepoModel.swift in Sources */ = {isa = PBXBuildFile; fileRef = 6B56B57F2708A6050054B265 /* RepoModel.swift */; };
		6B56B5822708A7520054B265 /* EndPoint.swift in Sources */ = {isa = PBXBuildFile; fileRef = 6B56B5812708A7520054B265 /* EndPoint.swift */; };
		6B56B5842708A8080054B265 /* NetworkRequest.swift in Sources */ = {isa = PBXBuildFile; fileRef = 6B56B5832708A8080054B265 /* NetworkRequest.swift */; };
		6B56B5862708AB170054B265 /* GitSearchError.swift in Sources */ = {isa = PBXBuildFile; fileRef = 6B56B5852708AB170054B265 /* GitSearchError.swift */; };
		6B56B58E2708C7CD0054B265 /* GitSearchApp.swift in Sources */ = {isa = PBXBuildFile; fileRef = 6B56B58D2708C7CD0054B265 /* GitSearchApp.swift */; };
/* End PBXBuildFile section */

/* Begin PBXContainerItemProxy section */
		6B56B55C2708A3330054B265 /* PBXContainerItemProxy */ = {
			isa = PBXContainerItemProxy;
			containerPortal = 6B56B5432708A3300054B265 /* Project object */;
			proxyType = 1;
			remoteGlobalIDString = 6B56B54A2708A3300054B265;
			remoteInfo = GitSearch;
		};
		6B56B5662708A3330054B265 /* PBXContainerItemProxy */ = {
			isa = PBXContainerItemProxy;
			containerPortal = 6B56B5432708A3300054B265 /* Project object */;
			proxyType = 1;
			remoteGlobalIDString = 6B56B54A2708A3300054B265;
			remoteInfo = GitSearch;
		};
/* End PBXContainerItemProxy section */

/* Begin PBXFileReference section */
		6B56B54B2708A3300054B265 /* GitSearch.app */ = {isa = PBXFileReference; explicitFileType = wrapper.application; includeInIndex = 0; path = GitSearch.app; sourceTree = BUILT_PRODUCTS_DIR; };
		6B56B5522708A3330054B265 /* Assets.xcassets */ = {isa = PBXFileReference; lastKnownFileType = folder.assetcatalog; path = Assets.xcassets; sourceTree = "<group>"; };
		6B56B5552708A3330054B265 /* Preview Assets.xcassets */ = {isa = PBXFileReference; lastKnownFileType = folder.assetcatalog; path = "Preview Assets.xcassets"; sourceTree = "<group>"; };
		6B56B55B2708A3330054B265 /* GitSearchTests.xctest */ = {isa = PBXFileReference; explicitFileType = wrapper.cfbundle; includeInIndex = 0; path = GitSearchTests.xctest; sourceTree = BUILT_PRODUCTS_DIR; };
		6B56B55F2708A3330054B265 /* GitSearchTests.swift */ = {isa = PBXFileReference; lastKnownFileType = sourcecode.swift; path = GitSearchTests.swift; sourceTree = "<group>"; };
		6B56B5652708A3330054B265 /* GitSearchUITests.xctest */ = {isa = PBXFileReference; explicitFileType = wrapper.cfbundle; includeInIndex = 0; path = GitSearchUITests.xctest; sourceTree = BUILT_PRODUCTS_DIR; };
		6B56B5692708A3330054B265 /* GitSearchUITests.swift */ = {isa = PBXFileReference; lastKnownFileType = sourcecode.swift; path = GitSearchUITests.swift; sourceTree = "<group>"; };
		6B56B56B2708A3330054B265 /* GitSearchUITestsLaunchTests.swift */ = {isa = PBXFileReference; lastKnownFileType = sourcecode.swift; path = GitSearchUITestsLaunchTests.swift; sourceTree = "<group>"; };
		6B56B5782708A3FC0054B265 /* SearchBar.swift */ = {isa = PBXFileReference; lastKnownFileType = sourcecode.swift; path = SearchBar.swift; sourceTree = "<group>"; };
		6B56B57A2708A4850054B265 /* RepoSearchListView.swift */ = {isa = PBXFileReference; lastKnownFileType = sourcecode.swift; path = RepoSearchListView.swift; sourceTree = "<group>"; };
		6B56B57C2708A5850054B265 /* RepoSearchModel.swift */ = {isa = PBXFileReference; lastKnownFileType = sourcecode.swift; path = RepoSearchModel.swift; sourceTree = "<group>"; };
		6B56B57F2708A6050054B265 /* RepoModel.swift */ = {isa = PBXFileReference; lastKnownFileType = sourcecode.swift; path = RepoModel.swift; sourceTree = "<group>"; };
		6B56B5812708A7520054B265 /* EndPoint.swift */ = {isa = PBXFileReference; lastKnownFileType = sourcecode.swift; path = EndPoint.swift; sourceTree = "<group>"; };
		6B56B5832708A8080054B265 /* NetworkRequest.swift */ = {isa = PBXFileReference; lastKnownFileType = sourcecode.swift; path = NetworkRequest.swift; sourceTree = "<group>"; };
		6B56B5852708AB170054B265 /* GitSearchError.swift */ = {isa = PBXFileReference; lastKnownFileType = sourcecode.swift; path = GitSearchError.swift; sourceTree = "<group>"; };
		6B56B58D2708C7CD0054B265 /* GitSearchApp.swift */ = {isa = PBXFileReference; fileEncoding = 4; lastKnownFileType = sourcecode.swift; path = GitSearchApp.swift; sourceTree = "<group>"; };
/* End PBXFileReference section */

/* Begin PBXFrameworksBuildPhase section */
		6B56B5482708A3300054B265 /* Frameworks */ = {
			isa = PBXFrameworksBuildPhase;
			buildActionMask = 2147483647;
			files = (
			);
			runOnlyForDeploymentPostprocessing = 0;
		};
		6B56B5582708A3330054B265 /* Frameworks */ = {
			isa = PBXFrameworksBuildPhase;
			buildActionMask = 2147483647;
			files = (
			);
			runOnlyForDeploymentPostprocessing = 0;
		};
		6B56B5622708A3330054B265 /* Frameworks */ = {
			isa = PBXFrameworksBuildPhase;
			buildActionMask = 2147483647;
			files = (
			);
			runOnlyForDeploymentPostprocessing = 0;
		};
/* End PBXFrameworksBuildPhase section */

/* Begin PBXGroup section */
		6B56B5422708A3300054B265 = {
			isa = PBXGroup;
			children = (
				6B56B54D2708A3300054B265 /* GitSearch */,
				6B56B55E2708A3330054B265 /* GitSearchTests */,
				6B56B5682708A3330054B265 /* GitSearchUITests */,
				6B56B54C2708A3300054B265 /* Products */,
			);
			sourceTree = "<group>";
		};
		6B56B54C2708A3300054B265 /* Products */ = {
			isa = PBXGroup;
			children = (
				6B56B54B2708A3300054B265 /* GitSearch.app */,
				6B56B55B2708A3330054B265 /* GitSearchTests.xctest */,
				6B56B5652708A3330054B265 /* GitSearchUITests.xctest */,
			);
			name = Products;
			sourceTree = "<group>";
		};
		6B56B54D2708A3300054B265 /* GitSearch */ = {
			isa = PBXGroup;
			children = (
				6B56B58D2708C7CD0054B265 /* GitSearchApp.swift */,
				6B56B5522708A3330054B265 /* Assets.xcassets */,
				6B56B5542708A3330054B265 /* Preview Content */,
				6B56B58F2708C8310054B265 /* Scene */,
				6B56B5912708C85B0054B265 /* Model */,
				6B56B5902708C84F0054B265 /* Network */,
			);
			path = GitSearch;
			sourceTree = "<group>";
		};
		6B56B5542708A3330054B265 /* Preview Content */ = {
			isa = PBXGroup;
			children = (
				6B56B5552708A3330054B265 /* Preview Assets.xcassets */,
			);
			path = "Preview Content";
			sourceTree = "<group>";
		};
		6B56B55E2708A3330054B265 /* GitSearchTests */ = {
			isa = PBXGroup;
			children = (
				6B56B55F2708A3330054B265 /* GitSearchTests.swift */,
			);
			path = GitSearchTests;
			sourceTree = "<group>";
		};
		6B56B5682708A3330054B265 /* GitSearchUITests */ = {
			isa = PBXGroup;
			children = (
				6B56B5692708A3330054B265 /* GitSearchUITests.swift */,
				6B56B56B2708A3330054B265 /* GitSearchUITestsLaunchTests.swift */,
			);
			path = GitSearchUITests;
			sourceTree = "<group>";
		};
		6B56B58F2708C8310054B265 /* Scene */ = {
			isa = PBXGroup;
			children = (
				6B56B57C2708A5850054B265 /* RepoSearchModel.swift */,
				6B56B5782708A3FC0054B265 /* SearchBar.swift */,
				6B56B57A2708A4850054B265 /* RepoSearchListView.swift */,
			);
			path = Scene;
			sourceTree = "<group>";
		};
		6B56B5902708C84F0054B265 /* Network */ = {
			isa = PBXGroup;
			children = (
				6B56B5812708A7520054B265 /* EndPoint.swift */,
				6B56B5832708A8080054B265 /* NetworkRequest.swift */,
			);
			path = Network;
			sourceTree = "<group>";
		};
		6B56B5912708C85B0054B265 /* Model */ = {
			isa = PBXGroup;
			children = (
				6B56B57F2708A6050054B265 /* RepoModel.swift */,
				6B56B5852708AB170054B265 /* GitSearchError.swift */,
			);
			path = Model;
			sourceTree = "<group>";
		};
/* End PBXGroup section */

/* Begin PBXNativeTarget section */
		6B56B54A2708A3300054B265 /* GitSearch */ = {
			isa = PBXNativeTarget;
			buildConfigurationList = 6B56B56F2708A3330054B265 /* Build configuration list for PBXNativeTarget "GitSearch" */;
			buildPhases = (
				6B56B5472708A3300054B265 /* Sources */,
				6B56B5482708A3300054B265 /* Frameworks */,
				6B56B5492708A3300054B265 /* Resources */,
			);
			buildRules = (
			);
			dependencies = (
			);
			name = GitSearch;
			productName = GitSearch;
			productReference = 6B56B54B2708A3300054B265 /* GitSearch.app */;
			productType = "com.apple.product-type.application";
		};
		6B56B55A2708A3330054B265 /* GitSearchTests */ = {
			isa = PBXNativeTarget;
			buildConfigurationList = 6B56B5722708A3330054B265 /* Build configuration list for PBXNativeTarget "GitSearchTests" */;
			buildPhases = (
				6B56B5572708A3330054B265 /* Sources */,
				6B56B5582708A3330054B265 /* Frameworks */,
				6B56B5592708A3330054B265 /* Resources */,
			);
			buildRules = (
			);
			dependencies = (
				6B56B55D2708A3330054B265 /* PBXTargetDependency */,
			);
			name = GitSearchTests;
			productName = GitSearchTests;
			productReference = 6B56B55B2708A3330054B265 /* GitSearchTests.xctest */;
			productType = "com.apple.product-type.bundle.unit-test";
		};
		6B56B5642708A3330054B265 /* GitSearchUITests */ = {
			isa = PBXNativeTarget;
			buildConfigurationList = 6B56B5752708A3330054B265 /* Build configuration list for PBXNativeTarget "GitSearchUITests" */;
			buildPhases = (
				6B56B5612708A3330054B265 /* Sources */,
				6B56B5622708A3330054B265 /* Frameworks */,
				6B56B5632708A3330054B265 /* Resources */,
			);
			buildRules = (
			);
			dependencies = (
				6B56B5672708A3330054B265 /* PBXTargetDependency */,
			);
			name = GitSearchUITests;
			productName = GitSearchUITests;
			productReference = 6B56B5652708A3330054B265 /* GitSearchUITests.xctest */;
			productType = "com.apple.product-type.bundle.ui-testing";
		};
/* End PBXNativeTarget section */

/* Begin PBXProject section */
		6B56B5432708A3300054B265 /* Project object */ = {
			isa = PBXProject;
			attributes = {
				BuildIndependentTargetsInParallel = 1;
				LastSwiftUpdateCheck = 1300;
				LastUpgradeCheck = 1300;
				TargetAttributes = {
					6B56B54A2708A3300054B265 = {
						CreatedOnToolsVersion = 13.0;
					};
					6B56B55A2708A3330054B265 = {
						CreatedOnToolsVersion = 13.0;
						TestTargetID = 6B56B54A2708A3300054B265;
					};
					6B56B5642708A3330054B265 = {
						CreatedOnToolsVersion = 13.0;
						TestTargetID = 6B56B54A2708A3300054B265;
					};
				};
			};
			buildConfigurationList = 6B56B5462708A3300054B265 /* Build configuration list for PBXProject "GitSearch" */;
			compatibilityVersion = "Xcode 13.0";
			developmentRegion = en;
			hasScannedForEncodings = 0;
			knownRegions = (
				en,
				Base,
			);
			mainGroup = 6B56B5422708A3300054B265;
			productRefGroup = 6B56B54C2708A3300054B265 /* Products */;
			projectDirPath = "";
			projectRoot = "";
			targets = (
				6B56B54A2708A3300054B265 /* GitSearch */,
				6B56B55A2708A3330054B265 /* GitSearchTests */,
				6B56B5642708A3330054B265 /* GitSearchUITests */,
			);
		};
/* End PBXProject section */

/* Begin PBXResourcesBuildPhase section */
		6B56B5492708A3300054B265 /* Resources */ = {
			isa = PBXResourcesBuildPhase;
			buildActionMask = 2147483647;
			files = (
				6B56B5562708A3330054B265 /* Preview Assets.xcassets in Resources */,
				6B56B5532708A3330054B265 /* Assets.xcassets in Resources */,
			);
			runOnlyForDeploymentPostprocessing = 0;
		};
		6B56B5592708A3330054B265 /* Resources */ = {
			isa = PBXResourcesBuildPhase;
			buildActionMask = 2147483647;
			files = (
			);
			runOnlyForDeploymentPostprocessing = 0;
		};
		6B56B5632708A3330054B265 /* Resources */ = {
			isa = PBXResourcesBuildPhase;
			buildActionMask = 2147483647;
			files = (
			);
			runOnlyForDeploymentPostprocessing = 0;
		};
/* End PBXResourcesBuildPhase section */

/* Begin PBXSourcesBuildPhase section */
		6B56B5472708A3300054B265 /* Sources */ = {
			isa = PBXSourcesBuildPhase;
			buildActionMask = 2147483647;
			files = (
				6B56B58E2708C7CD0054B265 /* GitSearchApp.swift in Sources */,
				6B56B5842708A8080054B265 /* NetworkRequest.swift in Sources */,
				6B56B57D2708A5850054B265 /* RepoSearchModel.swift in Sources */,
				6B56B5792708A3FC0054B265 /* SearchBar.swift in Sources */,
				6B56B57B2708A4850054B265 /* RepoSearchListView.swift in Sources */,
				6B56B5822708A7520054B265 /* EndPoint.swift in Sources */,
				6B56B5802708A6050054B265 /* RepoModel.swift in Sources */,
				6B56B5862708AB170054B265 /* GitSearchError.swift in Sources */,
			);
			runOnlyForDeploymentPostprocessing = 0;
		};
		6B56B5572708A3330054B265 /* Sources */ = {
			isa = PBXSourcesBuildPhase;
			buildActionMask = 2147483647;
			files = (
				6B56B5602708A3330054B265 /* GitSearchTests.swift in Sources */,
			);
			runOnlyForDeploymentPostprocessing = 0;
		};
		6B56B5612708A3330054B265 /* Sources */ = {
			isa = PBXSourcesBuildPhase;
			buildActionMask = 2147483647;
			files = (
				6B56B56A2708A3330054B265 /* GitSearchUITests.swift in Sources */,
				6B56B56C2708A3330054B265 /* GitSearchUITestsLaunchTests.swift in Sources */,
			);
			runOnlyForDeploymentPostprocessing = 0;
		};
/* End PBXSourcesBuildPhase section */

/* Begin PBXTargetDependency section */
		6B56B55D2708A3330054B265 /* PBXTargetDependency */ = {
			isa = PBXTargetDependency;
			target = 6B56B54A2708A3300054B265 /* GitSearch */;
			targetProxy = 6B56B55C2708A3330054B265 /* PBXContainerItemProxy */;
		};
		6B56B5672708A3330054B265 /* PBXTargetDependency */ = {
			isa = PBXTargetDependency;
			target = 6B56B54A2708A3300054B265 /* GitSearch */;
			targetProxy = 6B56B5662708A3330054B265 /* PBXContainerItemProxy */;
		};
/* End PBXTargetDependency section */

/* Begin XCBuildConfiguration section */
		6B56B56D2708A3330054B265 /* Debug */ = {
			isa = XCBuildConfiguration;
			buildSettings = {
				ALWAYS_SEARCH_USER_PATHS = NO;
				CLANG_ANALYZER_NONNULL = YES;
				CLANG_ANALYZER_NUMBER_OBJECT_CONVERSION = YES_AGGRESSIVE;
				CLANG_CXX_LANGUAGE_STANDARD = "gnu++17";
				CLANG_CXX_LIBRARY = "libc++";
				CLANG_ENABLE_MODULES = YES;
				CLANG_ENABLE_OBJC_ARC = YES;
				CLANG_ENABLE_OBJC_WEAK = YES;
				CLANG_WARN_BLOCK_CAPTURE_AUTORELEASING = YES;
				CLANG_WARN_BOOL_CONVERSION = YES;
				CLANG_WARN_COMMA = YES;
				CLANG_WARN_CONSTANT_CONVERSION = YES;
				CLANG_WARN_DEPRECATED_OBJC_IMPLEMENTATIONS = YES;
				CLANG_WARN_DIRECT_OBJC_ISA_USAGE = YES_ERROR;
				CLANG_WARN_DOCUMENTATION_COMMENTS = YES;
				CLANG_WARN_EMPTY_BODY = YES;
				CLANG_WARN_ENUM_CONVERSION = YES;
				CLANG_WARN_INFINITE_RECURSION = YES;
				CLANG_WARN_INT_CONVERSION = YES;
				CLANG_WARN_NON_LITERAL_NULL_CONVERSION = YES;
				CLANG_WARN_OBJC_IMPLICIT_RETAIN_SELF = YES;
				CLANG_WARN_OBJC_LITERAL_CONVERSION = YES;
				CLANG_WARN_OBJC_ROOT_CLASS = YES_ERROR;
				CLANG_WARN_QUOTED_INCLUDE_IN_FRAMEWORK_HEADER = YES;
				CLANG_WARN_RANGE_LOOP_ANALYSIS = YES;
				CLANG_WARN_STRICT_PROTOTYPES = YES;
				CLANG_WARN_SUSPICIOUS_MOVE = YES;
				CLANG_WARN_UNGUARDED_AVAILABILITY = YES_AGGRESSIVE;
				CLANG_WARN_UNREACHABLE_CODE = YES;
				CLANG_WARN__DUPLICATE_METHOD_MATCH = YES;
				COPY_PHASE_STRIP = NO;
				DEBUG_INFORMATION_FORMAT = dwarf;
				ENABLE_STRICT_OBJC_MSGSEND = YES;
				ENABLE_TESTABILITY = YES;
				GCC_C_LANGUAGE_STANDARD = gnu11;
				GCC_DYNAMIC_NO_PIC = NO;
				GCC_NO_COMMON_BLOCKS = YES;
				GCC_OPTIMIZATION_LEVEL = 0;
				GCC_PREPROCESSOR_DEFINITIONS = (
					"DEBUG=1",
					"$(inherited)",
				);
				GCC_WARN_64_TO_32_BIT_CONVERSION = YES;
				GCC_WARN_ABOUT_RETURN_TYPE = YES_ERROR;
				GCC_WARN_UNDECLARED_SELECTOR = YES;
				GCC_WARN_UNINITIALIZED_AUTOS = YES_AGGRESSIVE;
				GCC_WARN_UNUSED_FUNCTION = YES;
				GCC_WARN_UNUSED_VARIABLE = YES;
				IPHONEOS_DEPLOYMENT_TARGET = 15.0;
				MTL_ENABLE_DEBUG_INFO = INCLUDE_SOURCE;
				MTL_FAST_MATH = YES;
				ONLY_ACTIVE_ARCH = YES;
				SDKROOT = iphoneos;
				SWIFT_ACTIVE_COMPILATION_CONDITIONS = DEBUG;
				SWIFT_OPTIMIZATION_LEVEL = "-Onone";
			};
			name = Debug;
		};
		6B56B56E2708A3330054B265 /* Release */ = {
			isa = XCBuildConfiguration;
			buildSettings = {
				ALWAYS_SEARCH_USER_PATHS = NO;
				CLANG_ANALYZER_NONNULL = YES;
				CLANG_ANALYZER_NUMBER_OBJECT_CONVERSION = YES_AGGRESSIVE;
				CLANG_CXX_LANGUAGE_STANDARD = "gnu++17";
				CLANG_CXX_LIBRARY = "libc++";
				CLANG_ENABLE_MODULES = YES;
				CLANG_ENABLE_OBJC_ARC = YES;
				CLANG_ENABLE_OBJC_WEAK = YES;
				CLANG_WARN_BLOCK_CAPTURE_AUTORELEASING = YES;
				CLANG_WARN_BOOL_CONVERSION = YES;
				CLANG_WARN_COMMA = YES;
				CLANG_WARN_CONSTANT_CONVERSION = YES;
				CLANG_WARN_DEPRECATED_OBJC_IMPLEMENTATIONS = YES;
				CLANG_WARN_DIRECT_OBJC_ISA_USAGE = YES_ERROR;
				CLANG_WARN_DOCUMENTATION_COMMENTS = YES;
				CLANG_WARN_EMPTY_BODY = YES;
				CLANG_WARN_ENUM_CONVERSION = YES;
				CLANG_WARN_INFINITE_RECURSION = YES;
				CLANG_WARN_INT_CONVERSION = YES;
				CLANG_WARN_NON_LITERAL_NULL_CONVERSION = YES;
				CLANG_WARN_OBJC_IMPLICIT_RETAIN_SELF = YES;
				CLANG_WARN_OBJC_LITERAL_CONVERSION = YES;
				CLANG_WARN_OBJC_ROOT_CLASS = YES_ERROR;
				CLANG_WARN_QUOTED_INCLUDE_IN_FRAMEWORK_HEADER = YES;
				CLANG_WARN_RANGE_LOOP_ANALYSIS = YES;
				CLANG_WARN_STRICT_PROTOTYPES = YES;
				CLANG_WARN_SUSPICIOUS_MOVE = YES;
				CLANG_WARN_UNGUARDED_AVAILABILITY = YES_AGGRESSIVE;
				CLANG_WARN_UNREACHABLE_CODE = YES;
				CLANG_WARN__DUPLICATE_METHOD_MATCH = YES;
				COPY_PHASE_STRIP = NO;
				DEBUG_INFORMATION_FORMAT = "dwarf-with-dsym";
				ENABLE_NS_ASSERTIONS = NO;
				ENABLE_STRICT_OBJC_MSGSEND = YES;
				GCC_C_LANGUAGE_STANDARD = gnu11;
				GCC_NO_COMMON_BLOCKS = YES;
				GCC_WARN_64_TO_32_BIT_CONVERSION = YES;
				GCC_WARN_ABOUT_RETURN_TYPE = YES_ERROR;
				GCC_WARN_UNDECLARED_SELECTOR = YES;
				GCC_WARN_UNINITIALIZED_AUTOS = YES_AGGRESSIVE;
				GCC_WARN_UNUSED_FUNCTION = YES;
				GCC_WARN_UNUSED_VARIABLE = YES;
				IPHONEOS_DEPLOYMENT_TARGET = 15.0;
				MTL_ENABLE_DEBUG_INFO = NO;
				MTL_FAST_MATH = YES;
				SDKROOT = iphoneos;
				SWIFT_COMPILATION_MODE = wholemodule;
				SWIFT_OPTIMIZATION_LEVEL = "-O";
				VALIDATE_PRODUCT = YES;
			};
			name = Release;
		};
		6B56B5702708A3330054B265 /* Debug */ = {
			isa = XCBuildConfiguration;
			buildSettings = {
				ASSETCATALOG_COMPILER_APPICON_NAME = AppIcon;
				ASSETCATALOG_COMPILER_GLOBAL_ACCENT_COLOR_NAME = AccentColor;
				CODE_SIGN_STYLE = Automatic;
				CURRENT_PROJECT_VERSION = 1;
				DEVELOPMENT_ASSET_PATHS = "\"GitSearch/Preview Content\"";
				ENABLE_PREVIEWS = YES;
				GENERATE_INFOPLIST_FILE = YES;
				INFOPLIST_KEY_UIApplicationSceneManifest_Generation = YES;
				INFOPLIST_KEY_UIApplicationSupportsIndirectInputEvents = YES;
				INFOPLIST_KEY_UILaunchScreen_Generation = YES;
				INFOPLIST_KEY_UISupportedInterfaceOrientations_iPad = "UIInterfaceOrientationPortrait UIInterfaceOrientationPortraitUpsideDown UIInterfaceOrientationLandscapeLeft UIInterfaceOrientationLandscapeRight";
				INFOPLIST_KEY_UISupportedInterfaceOrientations_iPhone = "UIInterfaceOrientationPortrait UIInterfaceOrientationLandscapeLeft UIInterfaceOrientationLandscapeRight";
				IPHONEOS_DEPLOYMENT_TARGET = 14.0;
				LD_RUNPATH_SEARCH_PATHS = (
					"$(inherited)",
					"@executable_path/Frameworks",
				);
				MARKETING_VERSION = 1.0;
				PRODUCT_BUNDLE_IDENTIFIER = com.milan.GitSearch;
				PRODUCT_NAME = "$(TARGET_NAME)";
				SWIFT_EMIT_LOC_STRINGS = YES;
				SWIFT_VERSION = 5.0;
				TARGETED_DEVICE_FAMILY = "1,2";
			};
			name = Debug;
		};
		6B56B5712708A3330054B265 /* Release */ = {
			isa = XCBuildConfiguration;
			buildSettings = {
				ASSETCATALOG_COMPILER_APPICON_NAME = AppIcon;
				ASSETCATALOG_COMPILER_GLOBAL_ACCENT_COLOR_NAME = AccentColor;
				CODE_SIGN_STYLE = Automatic;
				CURRENT_PROJECT_VERSION = 1;
				DEVELOPMENT_ASSET_PATHS = "\"GitSearch/Preview Content\"";
				ENABLE_PREVIEWS = YES;
				GENERATE_INFOPLIST_FILE = YES;
				INFOPLIST_KEY_UIApplicationSceneManifest_Generation = YES;
				INFOPLIST_KEY_UIApplicationSupportsIndirectInputEvents = YES;
				INFOPLIST_KEY_UILaunchScreen_Generation = YES;
				INFOPLIST_KEY_UISupportedInterfaceOrientations_iPad = "UIInterfaceOrientationPortrait UIInterfaceOrientationPortraitUpsideDown UIInterfaceOrientationLandscapeLeft UIInterfaceOrientationLandscapeRight";
				INFOPLIST_KEY_UISupportedInterfaceOrientations_iPhone = "UIInterfaceOrientationPortrait UIInterfaceOrientationLandscapeLeft UIInterfaceOrientationLandscapeRight";
				IPHONEOS_DEPLOYMENT_TARGET = 14.0;
				LD_RUNPATH_SEARCH_PATHS = (
					"$(inherited)",
					"@executable_path/Frameworks",
				);
				MARKETING_VERSION = 1.0;
				PRODUCT_BUNDLE_IDENTIFIER = com.milan.GitSearch;
				PRODUCT_NAME = "$(TARGET_NAME)";
				SWIFT_EMIT_LOC_STRINGS = YES;
				SWIFT_VERSION = 5.0;
				TARGETED_DEVICE_FAMILY = "1,2";
			};
			name = Release;
		};
		6B56B5732708A3330054B265 /* Debug */ = {
			isa = XCBuildConfiguration;
			buildSettings = {
				ALWAYS_EMBED_SWIFT_STANDARD_LIBRARIES = YES;
				BUNDLE_LOADER = "$(TEST_HOST)";
				CODE_SIGN_STYLE = Automatic;
				CURRENT_PROJECT_VERSION = 1;
				GENERATE_INFOPLIST_FILE = YES;
				IPHONEOS_DEPLOYMENT_TARGET = 14.0;
				LD_RUNPATH_SEARCH_PATHS = (
					"$(inherited)",
					"@executable_path/Frameworks",
					"@loader_path/Frameworks",
				);
				MARKETING_VERSION = 1.0;
				PRODUCT_BUNDLE_IDENTIFIER = com.milan.GitSearchTests;
				PRODUCT_NAME = "$(TARGET_NAME)";
				SWIFT_EMIT_LOC_STRINGS = NO;
				SWIFT_VERSION = 5.0;
				TARGETED_DEVICE_FAMILY = "1,2";
				TEST_HOST = "$(BUILT_PRODUCTS_DIR)/GitSearch.app/GitSearch";
			};
			name = Debug;
		};
		6B56B5742708A3330054B265 /* Release */ = {
			isa = XCBuildConfiguration;
			buildSettings = {
				ALWAYS_EMBED_SWIFT_STANDARD_LIBRARIES = YES;
				BUNDLE_LOADER = "$(TEST_HOST)";
				CODE_SIGN_STYLE = Automatic;
				CURRENT_PROJECT_VERSION = 1;
				GENERATE_INFOPLIST_FILE = YES;
				IPHONEOS_DEPLOYMENT_TARGET = 14.0;
				LD_RUNPATH_SEARCH_PATHS = (
					"$(inherited)",
					"@executable_path/Frameworks",
					"@loader_path/Frameworks",
				);
				MARKETING_VERSION = 1.0;
				PRODUCT_BUNDLE_IDENTIFIER = com.milan.GitSearchTests;
				PRODUCT_NAME = "$(TARGET_NAME)";
				SWIFT_EMIT_LOC_STRINGS = NO;
				SWIFT_VERSION = 5.0;
				TARGETED_DEVICE_FAMILY = "1,2";
				TEST_HOST = "$(BUILT_PRODUCTS_DIR)/GitSearch.app/GitSearch";
			};
			name = Release;
		};
		6B56B5762708A3330054B265 /* Debug */ = {
			isa = XCBuildConfiguration;
			buildSettings = {
				ALWAYS_EMBED_SWIFT_STANDARD_LIBRARIES = YES;
				CODE_SIGN_STYLE = Automatic;
				CURRENT_PROJECT_VERSION = 1;
				GENERATE_INFOPLIST_FILE = YES;
				LD_RUNPATH_SEARCH_PATHS = (
					"$(inherited)",
					"@executable_path/Frameworks",
					"@loader_path/Frameworks",
				);
				MARKETING_VERSION = 1.0;
				PRODUCT_BUNDLE_IDENTIFIER = com.milan.GitSearchUITests;
				PRODUCT_NAME = "$(TARGET_NAME)";
				SWIFT_EMIT_LOC_STRINGS = NO;
				SWIFT_VERSION = 5.0;
				TARGETED_DEVICE_FAMILY = "1,2";
				TEST_TARGET_NAME = GitSearch;
			};
			name = Debug;
		};
		6B56B5772708A3330054B265 /* Release */ = {
			isa = XCBuildConfiguration;
			buildSettings = {
				ALWAYS_EMBED_SWIFT_STANDARD_LIBRARIES = YES;
				CODE_SIGN_STYLE = Automatic;
				CURRENT_PROJECT_VERSION = 1;
				GENERATE_INFOPLIST_FILE = YES;
				LD_RUNPATH_SEARCH_PATHS = (
					"$(inherited)",
					"@executable_path/Frameworks",
					"@loader_path/Frameworks",
				);
				MARKETING_VERSION = 1.0;
				PRODUCT_BUNDLE_IDENTIFIER = com.milan.GitSearchUITests;
				PRODUCT_NAME = "$(TARGET_NAME)";
				SWIFT_EMIT_LOC_STRINGS = NO;
				SWIFT_VERSION = 5.0;
				TARGETED_DEVICE_FAMILY = "1,2";
				TEST_TARGET_NAME = GitSearch;
			};
			name = Release;
		};
/* End XCBuildConfiguration section */

/* Begin XCConfigurationList section */
		6B56B5462708A3300054B265 /* Build configuration list for PBXProject "GitSearch" */ = {
			isa = XCConfigurationList;
			buildConfigurations = (
				6B56B56D2708A3330054B265 /* Debug */,
				6B56B56E2708A3330054B265 /* Release */,
			);
			defaultConfigurationIsVisible = 0;
			defaultConfigurationName = Release;
		};
		6B56B56F2708A3330054B265 /* Build configuration list for PBXNativeTarget "GitSearch" */ = {
			isa = XCConfigurationList;
			buildConfigurations = (
				6B56B5702708A3330054B265 /* Debug */,
				6B56B5712708A3330054B265 /* Release */,
			);
			defaultConfigurationIsVisible = 0;
			defaultConfigurationName = Release;
		};
		6B56B5722708A3330054B265 /* Build configuration list for PBXNativeTarget "GitSearchTests" */ = {
			isa = XCConfigurationList;
			buildConfigurations = (
				6B56B5732708A3330054B265 /* Debug */,
				6B56B5742708A3330054B265 /* Release */,
			);
			defaultConfigurationIsVisible = 0;
			defaultConfigurationName = Release;
		};
		6B56B5752708A3330054B265 /* Build configuration list for PBXNativeTarget "GitSearchUITests" */ = {
			isa = XCConfigurationList;
			buildConfigurations = (
				6B56B5762708A3330054B265 /* Debug */,
				6B56B5772708A3330054B265 /* Release */,
			);
			defaultConfigurationIsVisible = 0;
			defaultConfigurationName = Release;
		};
/* End XCConfigurationList section */
	};
	rootObject = 6B56B5432708A3300054B265 /* Project object */;
}
